
Microsoft Visual Studio Solution File, Format Version 12.00
# Visual Studio 14
VisualStudioVersion = 14.0.25420.1
MinimumVisualStudioVersion = 10.0.40219.1
Project("{FAE04EC0-301F-11D3-BF4B-00C04F79EFBC}") = "SetCoverProblem", "SetCoverProblem\SetCoverProblem.csproj", "{3CEB947E-EEFD-4E65-8D8D-E63873D3FC18}"
EndProject
Project("{FAE04EC0-301F-11D3-BF4B-00C04F79EFBC}") = "SetCoverTests", "SetCoverTests\SetCoverTests.csproj", "{760A3E59-93A6-4212-B500-93312B043337}"
EndProject
Global
	GlobalSection(SolutionConfigurationPlatforms) = preSolution
		Debug|Any CPU = Debug|Any CPU
		Release|Any CPU = Release|Any CPU
	EndGlobalSection
	GlobalSection(ProjectConfigurationPlatforms) = postSolution
		{3CEB947E-EEFD-4E65-8D8D-E63873D3FC18}.Debug|Any CPU.ActiveCfg = Debug|Any CPU
		{3CEB947E-EEFD-4E65-8D8D-E63873D3FC18}.Debug|Any CPU.Build.0 = Debug|Any CPU
		{3CEB947E-EEFD-4E65-8D8D-E63873D3FC18}.Release|Any CPU.ActiveCfg = Release|Any CPU
		{3CEB947E-EEFD-4E65-8D8D-E63873D3FC18}.Release|Any CPU.Build.0 = Release|Any CPU
		{760A3E59-93A6-4212-B500-93312B043337}.Debug|Any CPU.ActiveCfg = Debug|Any CPU
		{760A3E59-93A6-4212-B500-93312B043337}.Debug|Any CPU.Build.0 = Debug|Any CPU
		{760A3E59-93A6-4212-B500-93312B043337}.Release|Any CPU.ActiveCfg = Release|Any CPU
		{760A3E59-93A6-4212-B500-93312B043337}.Release|Any CPU.Build.0 = Release|Any CPU
	EndGlobalSection
	GlobalSection(SolutionProperties) = preSolution
		HideSolutionNode = FALSE
	EndGlobalSection
EndGlobal
